<?xml version="1.0" encoding="UTF-8" standalone="yes" ?>
<CodeBlocks_project_file>
	<FileVersion major="1" minor="6" />
	<Project>
		<Option title="CampJam2012-BugBoy" />
		<Option pch_mode="2" />
		<Option compiler="gcc" />
		<Build>
			<Target title="Debug">
				<Option output="bin\Debug\CampJam2012-BugBoy" prefix_auto="1" extension_auto="1" />
				<Option object_output="obj\Debug\" />
				<Option type="1" />
				<Option compiler="gcc" />
				<Compiler>
					<Add option="-g" />
					<Add option="-DALLEGRO_STATICLINK" />
					<Add directory="C:\allegro-mingw\include" />
					<Add directory="C:\Users\Abel\Campjam\CampJam2012-BugBoy-v.6\Include" />
				</Compiler>
				<Linker>
					<Add option="-lgcc_eh -static-libgcc -static-libstdc++" />
					<Add library="C:\allegro-mingw\lib\liballegro-5.0.7-static-mt.a" />
					<Add library="C:\allegro-mingw\lib\liballegro_acodec-5.0.7-static-mt.a" />
					<Add library="C:\allegro-mingw\lib\liballegro_audio-5.0.7-static-mt.a" />
					<Add library="C:\allegro-mingw\lib\libvorbisfile-1.3.2-static-mt.a" />
					<Add library="C:\allegro-mingw\lib\libvorbis-1.3.2-static-mt.a" />
					<Add library="C:\allegro-mingw\lib\liballegro_font-5.0.7-static-mt.a" />
					<Add library="C:\allegro-mingw\lib\liballegro_image-5.0.7-static-mt.a" />
					<Add library="C:\allegro-mingw\lib\liballegro_primitives-5.0.7-static-mt.a" />
					<Add library="C:\allegro-mingw\lib\liballegro_ttf-5.0.7-static-mt.a" />
					<Add library="C:\allegro-mingw\lib\libdumb-0.9.3-static-mt.a" />
					<Add library="C:\allegro-mingw\lib\libFLAC-1.2.1-static-mt.a" />
					<Add library="C:\allegro-mingw\lib\libfreetype-2.4.8-static-mt.a" />
					<Add library="C:\allegro-mingw\lib\libogg-1.2.1-static-mt.a" />
					<Add library="C:\allegro-mingw\lib\libopenal-1.14-static-mt.a" />
					<Add library="C:\allegro-mingw\all-needed\libgdiplus.a" />
					<Add library="C:\allegro-mingw\all-needed\libuuid.a" />
					<Add library="C:\allegro-mingw\all-needed\libkernel32.a" />
					<Add library="C:\allegro-mingw\all-needed\libwinmm.a" />
					<Add library="C:\allegro-mingw\all-needed\libpsapi.a" />
					<Add library="C:\allegro-mingw\all-needed\libopengl32.a" />
					<Add library="C:\allegro-mingw\all-needed\libglu32.a" />
					<Add library="C:\allegro-mingw\all-needed\libuser32.a" />
					<Add library="C:\allegro-mingw\all-needed\libcomdlg32.a" />
					<Add library="C:\allegro-mingw\all-needed\libgdi32.a" />
					<Add library="C:\allegro-mingw\all-needed\libshell32.a" />
					<Add library="C:\allegro-mingw\all-needed\libole32.a" />
					<Add library="C:\allegro-mingw\all-needed\libadvapi32.a" />
					<Add library="C:\allegro-mingw\all-needed\libshlwapi.a" />
					<Add library="C:\allegro-mingw\all-needed\libws2_32.a" />
				</Linker>
			</Target>
			<Target title="Release">
				<Option output="bin\Release\CampJam2012-BugBoy" prefix_auto="1" extension_auto="1" />
				<Option object_output="obj\Release\" />
				<Option type="1" />
				<Option compiler="gcc" />
				<Compiler>
					<Add option="-O2" />
					<Add option="-DALLEGRO_STATICLINK" />
					<Add directory="C:\allegro-mingw\include" />
					<Add directory="C:\Users\Abel\Campjam\CampJam2012-BugBoy-v.6\Include" />
				</Compiler>
				<Linker>
					<Add option="-s" />
					<Add option="-lgcc_eh -static-libgcc -static-libstdc++" />
					<Add library="C:\allegro-mingw\lib\liballegro-5.0.7-static-mt.a" />
					<Add library="C:\allegro-mingw\lib\liballegro_acodec-5.0.7-static-mt.a" />
					<Add library="C:\allegro-mingw\lib\liballegro_audio-5.0.7-static-mt.a" />
					<Add library="C:\allegro-mingw\lib\libvorbisfile-1.3.2-static-mt.a" />
					<Add library="C:\allegro-mingw\lib\libvorbis-1.3.2-static-mt.a" />
					<Add library="C:\allegro-mingw\lib\liballegro_font-5.0.7-static-mt.a" />
					<Add library="C:\allegro-mingw\lib\liballegro_image-5.0.7-static-mt.a" />
					<Add library="C:\allegro-mingw\lib\liballegro_primitives-5.0.7-static-mt.a" />
					<Add library="C:\allegro-mingw\lib\liballegro_ttf-5.0.7-static-mt.a" />
					<Add library="C:\allegro-mingw\lib\libdumb-0.9.3-static-mt.a" />
					<Add library="C:\allegro-mingw\lib\libFLAC-1.2.1-static-mt.a" />
					<Add library="C:\allegro-mingw\lib\libfreetype-2.4.8-static-mt.a" />
					<Add library="C:\allegro-mingw\lib\libogg-1.2.1-static-mt.a" />
					<Add library="C:\allegro-mingw\lib\libopenal-1.14-static-mt.a" />
					<Add library="C:\allegro-mingw\all-needed\libgdiplus.a" />
					<Add library="C:\allegro-mingw\all-needed\libuuid.a" />
					<Add library="C:\allegro-mingw\all-needed\libkernel32.a" />
					<Add library="C:\allegro-mingw\all-needed\libwinmm.a" />
					<Add library="C:\allegro-mingw\all-needed\libpsapi.a" />
					<Add library="C:\allegro-mingw\all-needed\libopengl32.a" />
					<Add library="C:\allegro-mingw\all-needed\libglu32.a" />
					<Add library="C:\allegro-mingw\all-needed\libuser32.a" />
					<Add library="C:\allegro-mingw\all-needed\libcomdlg32.a" />
					<Add library="C:\allegro-mingw\all-needed\libgdi32.a" />
					<Add library="C:\allegro-mingw\all-needed\libshell32.a" />
					<Add library="C:\allegro-mingw\all-needed\libole32.a" />
					<Add library="C:\allegro-mingw\all-needed\libadvapi32.a" />
					<Add library="C:\allegro-mingw\all-needed\libshlwapi.a" />
					<Add library="C:\allegro-mingw\all-needed\libws2_32.a" />
				</Linker>
			</Target>
		</Build>
		<Compiler>
			<Add option="-Wall" />
		</Compiler>
		<Unit filename=".gitignore" />
		<Unit filename="COPYING" />
		<Unit filename="DejaVuSans.LICENSE" />
		<Unit filename="DejaVuSans.ttf" />
		<Unit filename="Include\allegro_includes.h" />
		<Unit filename="Include\ant.h" />
		<Unit filename="Include\cricket.h" />
		<Unit filename="Include\cricket_boss.h" />
		<Unit filename="Include\definitions.h" />
		<Unit filename="Include\enemy.h" />
		<Unit filename="Include\entity.h" />
		<Unit filename="Include\fly.h" />
		<Unit filename="Include\gameclass.h" />
		<Unit filename="Include\gametext.h" />
		<Unit filename="Include\hero.h" />
		<Unit filename="Include\list_of_enemies.h" />
		<Unit filename="Include\region.h" />
		<Unit filename="Include\seed.h" />
		<Unit filename="Include\spider.h" />
		<Unit filename="Include\spider_boss.h" />
		<Unit filename="Include\upgrade.h" />
		<Unit filename="LICENSE" />
		<Unit filename="Makefile" />
		<Unit filename="README" />
		<Unit filename="README.md" />
		<Unit filename="Src\ant.cpp" />
		<Unit filename="Src\cricket.cpp" />
		<Unit filename="Src\cricket_boss.cpp" />
		<Unit filename="Src\enemy.cpp" />
		<Unit filename="Src\entity.cpp" />
		<Unit filename="Src\fly.cpp" />
		<Unit filename="Src\gameclass.cpp" />
		<Unit filename="Src\gameclass_draw.cpp" />
		<Unit filename="Src\gameclass_keyboard.cpp" />
		<Unit filename="Src\gameclass_update.cpp" />
		<Unit filename="Src\hero.cpp" />
		<Unit filename="Src\main.cpp" />
		<Unit filename="Src\region.cpp" />
		<Unit filename="Src\seed.cpp" />
		<Unit filename="Src\spider.cpp" />
		<Unit filename="Src\spider_boss.cpp" />
		<Unit filename="Src\upgrade.cpp" />
		<Unit filename="gpl.header" />
		<Unit filename="guarda.log.sh" />
		<Unit filename="level1.map" />
		<Unit filename="myLog" />
		<Extensions>
			<code_completion />
			<debugger />
		</Extensions>
	</Project>
</CodeBlocks_project_file>
